
Microsoft Visual Studio Solution File, Format Version 12.00
# Visual Studio 15
Project("{FAE04EC0-301F-11D3-BF4B-00C04F79EFBC}") = "Assembly-CSharp", "Assembly-CSharp.csproj", "{99A4E06C-DBFC-94D1-3D4A-F08E5AA30B4D}"
EndProject
Project("{FAE04EC0-301F-11D3-BF4B-00C04F79EFBC}") = "Assembly-CSharp-Editor", "Assembly-CSharp-Editor.csproj", "{C827CC8C-91DC-AB55-810B-2AC334B939DA}"
EndProject
Global
	GlobalSection(SolutionConfigurationPlatforms) = preSolution
		Debug|Any CPU = Debug|Any CPU
		Release|Any CPU = Release|Any CPU
	EndGlobalSection
	GlobalSection(ProjectConfigurationPlatforms) = postSolution
		{99A4E06C-DBFC-94D1-3D4A-F08E5AA30B4D}.Debug|Any CPU.ActiveCfg = Debug|Any CPU
		{99A4E06C-DBFC-94D1-3D4A-F08E5AA30B4D}.Debug|Any CPU.Build.0 = Debug|Any CPU
		{99A4E06C-DBFC-94D1-3D4A-F08E5AA30B4D}.Release|Any CPU.ActiveCfg = Release|Any CPU
		{99A4E06C-DBFC-94D1-3D4A-F08E5AA30B4D}.Release|Any CPU.Build.0 = Release|Any CPU
		{C827CC8C-91DC-AB55-810B-2AC334B939DA}.Debug|Any CPU.ActiveCfg = Debug|Any CPU
		{C827CC8C-91DC-AB55-810B-2AC334B939DA}.Debug|Any CPU.Build.0 = Debug|Any CPU
		{C827CC8C-91DC-AB55-810B-2AC334B939DA}.Release|Any CPU.ActiveCfg = Release|Any CPU
		{C827CC8C-91DC-AB55-810B-2AC334B939DA}.Release|Any CPU.Build.0 = Release|Any CPU
	EndGlobalSection
	GlobalSection(SolutionProperties) = preSolution
		HideSolutionNode = FALSE
	EndGlobalSection
EndGlobal
